
Microsoft Visual Studio Solution File, Format Version 12.00
# Visual Studio 15
VisualStudioVersion = 15.0.28307.106
MinimumVisualStudioVersion = 10.0.40219.1
Project("{FAE04EC0-301F-11D3-BF4B-00C04F79EFBC}") = "ConsoleApp1", "ConsoleApp1\ConsoleApp1.csproj", "{33E9AE4E-E22F-4E41-A4C7-DD3B709FBF41}"
EndProject
Global
	GlobalSection(SolutionConfigurationPlatforms) = preSolution
		Debug|Any CPU = Debug|Any CPU
		Release|Any CPU = Release|Any CPU
	EndGlobalSection
	GlobalSection(ProjectConfigurationPlatforms) = postSolution
		{33E9AE4E-E22F-4E41-A4C7-DD3B709FBF41}.Debug|Any CPU.ActiveCfg = Debug|Any CPU
		{33E9AE4E-E22F-4E41-A4C7-DD3B709FBF41}.Debug|Any CPU.Build.0 = Debug|Any CPU
		{33E9AE4E-E22F-4E41-A4C7-DD3B709FBF41}.Release|Any CPU.ActiveCfg = Release|Any CPU
		{33E9AE4E-E22F-4E41-A4C7-DD3B709FBF41}.Release|Any CPU.Build.0 = Release|Any CPU
	EndGlobalSection
	GlobalSection(SolutionProperties) = preSolution
		HideSolutionNode = FALSE
	EndGlobalSection
	GlobalSection(ExtensibilityGlobals) = postSolution
		SolutionGuid = {E83C622A-CD12-4346-AB22-ADA23E556D0F}
	EndGlobalSection
EndGlobal
