
Microsoft Visual Studio Solution File, Format Version 12.00
# Visual Studio 15
VisualStudioVersion = 15.0.28307.106
MinimumVisualStudioVersion = 10.0.40219.1
Project("{FAE04EC0-301F-11D3-BF4B-00C04F79EFBC}") = "SortingAnArray", "SortingAnArray\SortingAnArray.csproj", "{F6EFB219-0F33-4475-BE9B-50925E9DFF0A}"
EndProject
Global
	GlobalSection(SolutionConfigurationPlatforms) = preSolution
		Debug|Any CPU = Debug|Any CPU
		Release|Any CPU = Release|Any CPU
	EndGlobalSection
	GlobalSection(ProjectConfigurationPlatforms) = postSolution
		{F6EFB219-0F33-4475-BE9B-50925E9DFF0A}.Debug|Any CPU.ActiveCfg = Debug|Any CPU
		{F6EFB219-0F33-4475-BE9B-50925E9DFF0A}.Debug|Any CPU.Build.0 = Debug|Any CPU
		{F6EFB219-0F33-4475-BE9B-50925E9DFF0A}.Release|Any CPU.ActiveCfg = Release|Any CPU
		{F6EFB219-0F33-4475-BE9B-50925E9DFF0A}.Release|Any CPU.Build.0 = Release|Any CPU
	EndGlobalSection
	GlobalSection(SolutionProperties) = preSolution
		HideSolutionNode = FALSE
	EndGlobalSection
	GlobalSection(ExtensibilityGlobals) = postSolution
		SolutionGuid = {EA8BCCD6-A104-42CD-8151-0E0E7812A3B2}
	EndGlobalSection
EndGlobal
