
Microsoft Visual Studio Solution File, Format Version 12.00
# Visual Studio 15
VisualStudioVersion = 15.0.28307.106
MinimumVisualStudioVersion = 10.0.40219.1
Project("{FAE04EC0-301F-11D3-BF4B-00C04F79EFBC}") = "LoopNotes", "LoopNotes\LoopNotes.csproj", "{9B6F3447-56C1-473B-A63E-9111A727FCF7}"
EndProject
Global
	GlobalSection(SolutionConfigurationPlatforms) = preSolution
		Debug|Any CPU = Debug|Any CPU
		Release|Any CPU = Release|Any CPU
	EndGlobalSection
	GlobalSection(ProjectConfigurationPlatforms) = postSolution
		{9B6F3447-56C1-473B-A63E-9111A727FCF7}.Debug|Any CPU.ActiveCfg = Debug|Any CPU
		{9B6F3447-56C1-473B-A63E-9111A727FCF7}.Debug|Any CPU.Build.0 = Debug|Any CPU
		{9B6F3447-56C1-473B-A63E-9111A727FCF7}.Release|Any CPU.ActiveCfg = Release|Any CPU
		{9B6F3447-56C1-473B-A63E-9111A727FCF7}.Release|Any CPU.Build.0 = Release|Any CPU
	EndGlobalSection
	GlobalSection(SolutionProperties) = preSolution
		HideSolutionNode = FALSE
	EndGlobalSection
	GlobalSection(ExtensibilityGlobals) = postSolution
		SolutionGuid = {D03C4E81-68AF-4B10-BD19-1F3590999E82}
	EndGlobalSection
EndGlobal
