
Microsoft Visual Studio Solution File, Format Version 12.00
# Visual Studio 15
VisualStudioVersion = 15.0.28307.106
MinimumVisualStudioVersion = 10.0.40219.1
Project("{FAE04EC0-301F-11D3-BF4B-00C04F79EFBC}") = "intDays2DArray", "intDays2DArray\intDays2DArray.csproj", "{03963464-BF49-49E5-87EB-0862C2FF8251}"
EndProject
Global
	GlobalSection(SolutionConfigurationPlatforms) = preSolution
		Debug|Any CPU = Debug|Any CPU
		Release|Any CPU = Release|Any CPU
	EndGlobalSection
	GlobalSection(ProjectConfigurationPlatforms) = postSolution
		{03963464-BF49-49E5-87EB-0862C2FF8251}.Debug|Any CPU.ActiveCfg = Debug|Any CPU
		{03963464-BF49-49E5-87EB-0862C2FF8251}.Debug|Any CPU.Build.0 = Debug|Any CPU
		{03963464-BF49-49E5-87EB-0862C2FF8251}.Release|Any CPU.ActiveCfg = Release|Any CPU
		{03963464-BF49-49E5-87EB-0862C2FF8251}.Release|Any CPU.Build.0 = Release|Any CPU
	EndGlobalSection
	GlobalSection(SolutionProperties) = preSolution
		HideSolutionNode = FALSE
	EndGlobalSection
	GlobalSection(ExtensibilityGlobals) = postSolution
		SolutionGuid = {123E596E-CAFE-449E-B59E-2E57DE94F326}
	EndGlobalSection
EndGlobal
