
Microsoft Visual Studio Solution File, Format Version 12.00
# Visual Studio 15
VisualStudioVersion = 15.0.28307.106
MinimumVisualStudioVersion = 10.0.40219.1
Project("{FAE04EC0-301F-11D3-BF4B-00C04F79EFBC}") = "From1to100", "From1to100\From1to100.csproj", "{6494C688-6777-46E5-B380-E0830C1151CA}"
EndProject
Global
	GlobalSection(SolutionConfigurationPlatforms) = preSolution
		Debug|Any CPU = Debug|Any CPU
		Release|Any CPU = Release|Any CPU
	EndGlobalSection
	GlobalSection(ProjectConfigurationPlatforms) = postSolution
		{6494C688-6777-46E5-B380-E0830C1151CA}.Debug|Any CPU.ActiveCfg = Debug|Any CPU
		{6494C688-6777-46E5-B380-E0830C1151CA}.Debug|Any CPU.Build.0 = Debug|Any CPU
		{6494C688-6777-46E5-B380-E0830C1151CA}.Release|Any CPU.ActiveCfg = Release|Any CPU
		{6494C688-6777-46E5-B380-E0830C1151CA}.Release|Any CPU.Build.0 = Release|Any CPU
	EndGlobalSection
	GlobalSection(SolutionProperties) = preSolution
		HideSolutionNode = FALSE
	EndGlobalSection
	GlobalSection(ExtensibilityGlobals) = postSolution
		SolutionGuid = {F6A16B89-4E34-48DB-9F6F-197548603BCC}
	EndGlobalSection
EndGlobal
